// !$*UTF8*$!
{
	archiveVersion = 1;
	classes = {
	};
	objectVersion = 50;
	objects = {

/* Begin PBXBuildFile section */
		2A3CD5FB218D37BF0060E9D1 /* MainMenuScene.swift in Sources */ = {isa = PBXBuildFile; fileRef = 2A3CD5FA218D37BF0060E9D1 /* MainMenuScene.swift */; };
		2A3CD5FD218D38500060E9D1 /* MainMenuScene.sks in Resources */ = {isa = PBXBuildFile; fileRef = 2A3CD5FC218D38500060E9D1 /* MainMenuScene.sks */; };
		2A3CD5FF218D44BD0060E9D1 /* Button.swift in Sources */ = {isa = PBXBuildFile; fileRef = 2A3CD5FE218D44BD0060E9D1 /* Button.swift */; };
		2AD744C4218D2680001045FC /* AppDelegate.swift in Sources */ = {isa = PBXBuildFile; fileRef = 2AD744C3218D2680001045FC /* AppDelegate.swift */; };
		2AD744C6218D2680001045FC /* GameScene.sks in Resources */ = {isa = PBXBuildFile; fileRef = 2AD744C5218D2680001045FC /* GameScene.sks */; };
		2AD744C8218D2680001045FC /* Actions.sks in Resources */ = {isa = PBXBuildFile; fileRef = 2AD744C7218D2680001045FC /* Actions.sks */; };
		2AD744CA218D2680001045FC /* GameScene.swift in Sources */ = {isa = PBXBuildFile; fileRef = 2AD744C9218D2680001045FC /* GameScene.swift */; };
		2AD744CC218D2680001045FC /* GameViewController.swift in Sources */ = {isa = PBXBuildFile; fileRef = 2AD744CB218D2680001045FC /* GameViewController.swift */; };
		2AD744CF218D2680001045FC /* Main.storyboard in Resources */ = {isa = PBXBuildFile; fileRef = 2AD744CD218D2680001045FC /* Main.storyboard */; };
		2AD744D1218D2681001045FC /* Assets.xcassets in Resources */ = {isa = PBXBuildFile; fileRef = 2AD744D0218D2681001045FC /* Assets.xcassets */; };
		2AD744D4218D2681001045FC /* LaunchScreen.storyboard in Resources */ = {isa = PBXBuildFile; fileRef = 2AD744D2218D2681001045FC /* LaunchScreen.storyboard */; };
/* End PBXBuildFile section */

/* Begin PBXFileReference section */
		2A3CD5FA218D37BF0060E9D1 /* MainMenuScene.swift */ = {isa = PBXFileReference; lastKnownFileType = sourcecode.swift; path = MainMenuScene.swift; sourceTree = "<group>"; };
		2A3CD5FC218D38500060E9D1 /* MainMenuScene.sks */ = {isa = PBXFileReference; lastKnownFileType = file.sks; path = MainMenuScene.sks; sourceTree = "<group>"; };
		2A3CD5FE218D44BD0060E9D1 /* Button.swift */ = {isa = PBXFileReference; lastKnownFileType = sourcecode.swift; path = Button.swift; sourceTree = "<group>"; };
		2AD744C0218D267F001045FC /* Infnut_New.app */ = {isa = PBXFileReference; explicitFileType = wrapper.application; includeInIndex = 0; path = Infnut_New.app; sourceTree = BUILT_PRODUCTS_DIR; };
		2AD744C3218D2680001045FC /* AppDelegate.swift */ = {isa = PBXFileReference; lastKnownFileType = sourcecode.swift; path = AppDelegate.swift; sourceTree = "<group>"; };
		2AD744C5218D2680001045FC /* GameScene.sks */ = {isa = PBXFileReference; lastKnownFileType = file.sks; path = GameScene.sks; sourceTree = "<group>"; };
		2AD744C7218D2680001045FC /* Actions.sks */ = {isa = PBXFileReference; lastKnownFileType = file.sks; path = Actions.sks; sourceTree = "<group>"; };
		2AD744C9218D2680001045FC /* GameScene.swift */ = {isa = PBXFileReference; lastKnownFileType = sourcecode.swift; path = GameScene.swift; sourceTree = "<group>"; };
		2AD744CB218D2680001045FC /* GameViewController.swift */ = {isa = PBXFileReference; lastKnownFileType = sourcecode.swift; path = GameViewController.swift; sourceTree = "<group>"; };
		2AD744CE218D2680001045FC /* Base */ = {isa = PBXFileReference; lastKnownFileType = file.storyboard; name = Base; path = Base.lproj/Main.storyboard; sourceTree = "<group>"; };
		2AD744D0218D2681001045FC /* Assets.xcassets */ = {isa = PBXFileReference; lastKnownFileType = folder.assetcatalog; path = Assets.xcassets; sourceTree = "<group>"; };
		2AD744D3218D2681001045FC /* Base */ = {isa = PBXFileReference; lastKnownFileType = file.storyboard; name = Base; path = Base.lproj/LaunchScreen.storyboard; sourceTree = "<group>"; };
		2AD744D5218D2681001045FC /* Info.plist */ = {isa = PBXFileReference; lastKnownFileType = text.plist.xml; path = Info.plist; sourceTree = "<group>"; };
/* End PBXFileReference section */

/* Begin PBXFrameworksBuildPhase section */
		2AD744BD218D267F001045FC /* Frameworks */ = {
			isa = PBXFrameworksBuildPhase;
			buildActionMask = 2147483647;
			files = (
			);
			runOnlyForDeploymentPostprocessing = 0;
		};
/* End PBXFrameworksBuildPhase section */

/* Begin PBXGroup section */
		2AD744B7218D267F001045FC = {
			isa = PBXGroup;
			children = (
				2AD744DC218D278C001045FC /* Game Classes */,
				2AD744DB218D277E001045FC /* Game Scenes */,
				2AD744C2218D267F001045FC /* Infnut_New */,
				2AD744C1218D267F001045FC /* Products */,
			);
			sourceTree = "<group>";
		};
		2AD744C1218D267F001045FC /* Products */ = {
			isa = PBXGroup;
			children = (
				2AD744C0218D267F001045FC /* Infnut_New.app */,
			);
			name = Products;
			sourceTree = "<group>";
		};
		2AD744C2218D267F001045FC /* Infnut_New */ = {
			isa = PBXGroup;
			children = (
				2AD744C3218D2680001045FC /* AppDelegate.swift */,
				2AD744C7218D2680001045FC /* Actions.sks */,
				2AD744CB218D2680001045FC /* GameViewController.swift */,
				2AD744CD218D2680001045FC /* Main.storyboard */,
				2AD744D0218D2681001045FC /* Assets.xcassets */,
				2AD744D2218D2681001045FC /* LaunchScreen.storyboard */,
				2AD744D5218D2681001045FC /* Info.plist */,
			);
			path = Infnut_New;
			sourceTree = "<group>";
		};
		2AD744DB218D277E001045FC /* Game Scenes */ = {
			isa = PBXGroup;
			children = (
				2AD744C5218D2680001045FC /* GameScene.sks */,
				2AD744C9218D2680001045FC /* GameScene.swift */,
				2A3CD5FC218D38500060E9D1 /* MainMenuScene.sks */,
				2A3CD5FA218D37BF0060E9D1 /* MainMenuScene.swift */,
			);
			path = "Game Scenes";
			sourceTree = "<group>";
		};
		2AD744DC218D278C001045FC /* Game Classes */ = {
			isa = PBXGroup;
			children = (
				2A3CD5FE218D44BD0060E9D1 /* Button.swift */,
			);
			path = "Game Classes";
			sourceTree = "<group>";
		};
/* End PBXGroup section */

/* Begin PBXNativeTarget section */
		2AD744BF218D267F001045FC /* Infnut_New */ = {
			isa = PBXNativeTarget;
			buildConfigurationList = 2AD744D8218D2681001045FC /* Build configuration list for PBXNativeTarget "Infnut_New" */;
			buildPhases = (
				2AD744BC218D267F001045FC /* Sources */,
				2AD744BD218D267F001045FC /* Frameworks */,
				2AD744BE218D267F001045FC /* Resources */,
			);
			buildRules = (
			);
			dependencies = (
			);
			name = Infnut_New;
			productName = Infnut_New;
			productReference = 2AD744C0218D267F001045FC /* Infnut_New.app */;
			productType = "com.apple.product-type.application";
		};
/* End PBXNativeTarget section */

/* Begin PBXProject section */
		2AD744B8218D267F001045FC /* Project object */ = {
			isa = PBXProject;
			attributes = {
				LastSwiftUpdateCheck = 1000;
				LastUpgradeCheck = 1000;
				ORGANIZATIONNAME = "Richard Wulansari";
				TargetAttributes = {
					2AD744BF218D267F001045FC = {
						CreatedOnToolsVersion = 10.0;
					};
				};
			};
			buildConfigurationList = 2AD744BB218D267F001045FC /* Build configuration list for PBXProject "Infnut_New" */;
			compatibilityVersion = "Xcode 9.3";
			developmentRegion = en;
			hasScannedForEncodings = 0;
			knownRegions = (
				en,
				Base,
			);
			mainGroup = 2AD744B7218D267F001045FC;
			productRefGroup = 2AD744C1218D267F001045FC /* Products */;
			projectDirPath = "";
			projectRoot = "";
			targets = (
				2AD744BF218D267F001045FC /* Infnut_New */,
			);
		};
/* End PBXProject section */

/* Begin PBXResourcesBuildPhase section */
		2AD744BE218D267F001045FC /* Resources */ = {
			isa = PBXResourcesBuildPhase;
			buildActionMask = 2147483647;
			files = (
				2AD744CF218D2680001045FC /* Main.storyboard in Resources */,
				2AD744C6218D2680001045FC /* GameScene.sks in Resources */,
				2AD744D1218D2681001045FC /* Assets.xcassets in Resources */,
				2AD744D4218D2681001045FC /* LaunchScreen.storyboard in Resources */,
				2A3CD5FD218D38500060E9D1 /* MainMenuScene.sks in Resources */,
				2AD744C8218D2680001045FC /* Actions.sks in Resources */,
			);
			runOnlyForDeploymentPostprocessing = 0;
		};
/* End PBXResourcesBuildPhase section */

/* Begin PBXSourcesBuildPhase section */
		2AD744BC218D267F001045FC /* Sources */ = {
			isa = PBXSourcesBuildPhase;
			buildActionMask = 2147483647;
			files = (
				2AD744CA218D2680001045FC /* GameScene.swift in Sources */,
				2A3CD5FF218D44BD0060E9D1 /* Button.swift in Sources */,
				2AD744CC218D2680001045FC /* GameViewController.swift in Sources */,
				2A3CD5FB218D37BF0060E9D1 /* MainMenuScene.swift in Sources */,
				2AD744C4218D2680001045FC /* AppDelegate.swift in Sources */,
			);
			runOnlyForDeploymentPostprocessing = 0;
		};
/* End PBXSourcesBuildPhase section */

/* Begin PBXVariantGroup section */
		2AD744CD218D2680001045FC /* Main.storyboard */ = {
			isa = PBXVariantGroup;
			children = (
				2AD744CE218D2680001045FC /* Base */,
			);
			name = Main.storyboard;
			sourceTree = "<group>";
		};
		2AD744D2218D2681001045FC /* LaunchScreen.storyboard */ = {
			isa = PBXVariantGroup;
			children = (
				2AD744D3218D2681001045FC /* Base */,
			);
			name = LaunchScreen.storyboard;
			sourceTree = "<group>";
		};
/* End PBXVariantGroup section */

/* Begin XCBuildConfiguration section */
		2AD744D6218D2681001045FC /* Debug */ = {
			isa = XCBuildConfiguration;
			buildSettings = {
				ALWAYS_SEARCH_USER_PATHS = NO;
				CLANG_ANALYZER_NONNULL = YES;
				CLANG_ANALYZER_NUMBER_OBJECT_CONVERSION = YES_AGGRESSIVE;
				CLANG_CXX_LANGUAGE_STANDARD = "gnu++14";
				CLANG_CXX_LIBRARY = "libc++";
				CLANG_ENABLE_MODULES = YES;
				CLANG_ENABLE_OBJC_ARC = YES;
				CLANG_ENABLE_OBJC_WEAK = YES;
				CLANG_WARN_BLOCK_CAPTURE_AUTORELEASING = YES;
				CLANG_WARN_BOOL_CONVERSION = YES;
				CLANG_WARN_COMMA = YES;
				CLANG_WARN_CONSTANT_CONVERSION = YES;
				CLANG_WARN_DEPRECATED_OBJC_IMPLEMENTATIONS = YES;
				CLANG_WARN_DIRECT_OBJC_ISA_USAGE = YES_ERROR;
				CLANG_WARN_DOCUMENTATION_COMMENTS = YES;
				CLANG_WARN_EMPTY_BODY = YES;
				CLANG_WARN_ENUM_CONVERSION = YES;
				CLANG_WARN_INFINITE_RECURSION = YES;
				CLANG_WARN_INT_CONVERSION = YES;
				CLANG_WARN_NON_LITERAL_NULL_CONVERSION = YES;
				CLANG_WARN_OBJC_IMPLICIT_RETAIN_SELF = YES;
				CLANG_WARN_OBJC_LITERAL_CONVERSION = YES;
				CLANG_WARN_OBJC_ROOT_CLASS = YES_ERROR;
				CLANG_WARN_RANGE_LOOP_ANALYSIS = YES;
				CLANG_WARN_STRICT_PROTOTYPES = YES;
				CLANG_WARN_SUSPICIOUS_MOVE = YES;
				CLANG_WARN_UNGUARDED_AVAILABILITY = YES_AGGRESSIVE;
				CLANG_WARN_UNREACHABLE_CODE = YES;
				CLANG_WARN__DUPLICATE_METHOD_MATCH = YES;
				CODE_SIGN_IDENTITY = "iPhone Developer";
				COPY_PHASE_STRIP = NO;
				DEBUG_INFORMATION_FORMAT = dwarf;
				ENABLE_STRICT_OBJC_MSGSEND = YES;
				ENABLE_TESTABILITY = YES;
				GCC_C_LANGUAGE_STANDARD = gnu11;
				GCC_DYNAMIC_NO_PIC = NO;
				GCC_NO_COMMON_BLOCKS = YES;
				GCC_OPTIMIZATION_LEVEL = 0;
				GCC_PREPROCESSOR_DEFINITIONS = (
					"DEBUG=1",
					"$(inherited)",
				);
				GCC_WARN_64_TO_32_BIT_CONVERSION = YES;
				GCC_WARN_ABOUT_RETURN_TYPE = YES_ERROR;
				GCC_WARN_UNDECLARED_SELECTOR = YES;
				GCC_WARN_UNINITIALIZED_AUTOS = YES_AGGRESSIVE;
				GCC_WARN_UNUSED_FUNCTION = YES;
				GCC_WARN_UNUSED_VARIABLE = YES;
				IPHONEOS_DEPLOYMENT_TARGET = 12.0;
				MTL_ENABLE_DEBUG_INFO = INCLUDE_SOURCE;
				MTL_FAST_MATH = YES;
				ONLY_ACTIVE_ARCH = YES;
				SDKROOT = iphoneos;
				SWIFT_ACTIVE_COMPILATION_CONDITIONS = DEBUG;
				SWIFT_OPTIMIZATION_LEVEL = "-Onone";
			};
			name = Debug;
		};
		2AD744D7218D2681001045FC /* Release */ = {
			isa = XCBuildConfiguration;
			buildSettings = {
				ALWAYS_SEARCH_USER_PATHS = NO;
				CLANG_ANALYZER_NONNULL = YES;
				CLANG_ANALYZER_NUMBER_OBJECT_CONVERSION = YES_AGGRESSIVE;
				CLANG_CXX_LANGUAGE_STANDARD = "gnu++14";
				CLANG_CXX_LIBRARY = "libc++";
				CLANG_ENABLE_MODULES = YES;
				CLANG_ENABLE_OBJC_ARC = YES;
				CLANG_ENABLE_OBJC_WEAK = YES;
				CLANG_WARN_BLOCK_CAPTURE_AUTORELEASING = YES;
				CLANG_WARN_BOOL_CONVERSION = YES;
				CLANG_WARN_COMMA = YES;
				CLANG_WARN_CONSTANT_CONVERSION = YES;
				CLANG_WARN_DEPRECATED_OBJC_IMPLEMENTATIONS = YES;
				CLANG_WARN_DIRECT_OBJC_ISA_USAGE = YES_ERROR;
				CLANG_WARN_DOCUMENTATION_COMMENTS = YES;
				CLANG_WARN_EMPTY_BODY = YES;
				CLANG_WARN_ENUM_CONVERSION = YES;
				CLANG_WARN_INFINITE_RECURSION = YES;
				CLANG_WARN_INT_CONVERSION = YES;
				CLANG_WARN_NON_LITERAL_NULL_CONVERSION = YES;
				CLANG_WARN_OBJC_IMPLICIT_RETAIN_SELF = YES;
				CLANG_WARN_OBJC_LITERAL_CONVERSION = YES;
				CLANG_WARN_OBJC_ROOT_CLASS = YES_ERROR;
				CLANG_WARN_RANGE_LOOP_ANALYSIS = YES;
				CLANG_WARN_STRICT_PROTOTYPES = YES;
				CLANG_WARN_SUSPICIOUS_MOVE = YES;
				CLANG_WARN_UNGUARDED_AVAILABILITY = YES_AGGRESSIVE;
				CLANG_WARN_UNREACHABLE_CODE = YES;
				CLANG_WARN__DUPLICATE_METHOD_MATCH = YES;
				CODE_SIGN_IDENTITY = "iPhone Developer";
				COPY_PHASE_STRIP = NO;
				DEBUG_INFORMATION_FORMAT = "dwarf-with-dsym";
				ENABLE_NS_ASSERTIONS = NO;
				ENABLE_STRICT_OBJC_MSGSEND = YES;
				GCC_C_LANGUAGE_STANDARD = gnu11;
				GCC_NO_COMMON_BLOCKS = YES;
				GCC_WARN_64_TO_32_BIT_CONVERSION = YES;
				GCC_WARN_ABOUT_RETURN_TYPE = YES_ERROR;
				GCC_WARN_UNDECLARED_SELECTOR = YES;
				GCC_WARN_UNINITIALIZED_AUTOS = YES_AGGRESSIVE;
				GCC_WARN_UNUSED_FUNCTION = YES;
				GCC_WARN_UNUSED_VARIABLE = YES;
				IPHONEOS_DEPLOYMENT_TARGET = 12.0;
				MTL_ENABLE_DEBUG_INFO = NO;
				MTL_FAST_MATH = YES;
				SDKROOT = iphoneos;
				SWIFT_COMPILATION_MODE = wholemodule;
				SWIFT_OPTIMIZATION_LEVEL = "-O";
				VALIDATE_PRODUCT = YES;
			};
			name = Release;
		};
		2AD744D9218D2681001045FC /* Debug */ = {
			isa = XCBuildConfiguration;
			buildSettings = {
				ASSETCATALOG_COMPILER_APPICON_NAME = AppIcon;
				CODE_SIGN_STYLE = Automatic;
				INFOPLIST_FILE = Infnut_New/Info.plist;
				LD_RUNPATH_SEARCH_PATHS = (
					"$(inherited)",
					"@executable_path/Frameworks",
				);
				PRODUCT_BUNDLE_IDENTIFIER = "MDS.Infnut-New";
				PRODUCT_NAME = "$(TARGET_NAME)";
				SWIFT_VERSION = 4.2;
				TARGETED_DEVICE_FAMILY = "1,2";
			};
			name = Debug;
		};
		2AD744DA218D2681001045FC /* Release */ = {
			isa = XCBuildConfiguration;
			buildSettings = {
				ASSETCATALOG_COMPILER_APPICON_NAME = AppIcon;
				CODE_SIGN_STYLE = Automatic;
				INFOPLIST_FILE = Infnut_New/Info.plist;
				LD_RUNPATH_SEARCH_PATHS = (
					"$(inherited)",
					"@executable_path/Frameworks",
				);
				PRODUCT_BUNDLE_IDENTIFIER = "MDS.Infnut-New";
				PRODUCT_NAME = "$(TARGET_NAME)";
				SWIFT_VERSION = 4.2;
				TARGETED_DEVICE_FAMILY = "1,2";
			};
			name = Release;
		};
/* End XCBuildConfiguration section */

/* Begin XCConfigurationList section */
		2AD744BB218D267F001045FC /* Build configuration list for PBXProject "Infnut_New" */ = {
			isa = XCConfigurationList;
			buildConfigurations = (
				2AD744D6218D2681001045FC /* Debug */,
				2AD744D7218D2681001045FC /* Release */,
			);
			defaultConfigurationIsVisible = 0;
			defaultConfigurationName = Release;
		};
		2AD744D8218D2681001045FC /* Build configuration list for PBXNativeTarget "Infnut_New" */ = {
			isa = XCConfigurationList;
			buildConfigurations = (
				2AD744D9218D2681001045FC /* Debug */,
				2AD744DA218D2681001045FC /* Release */,
			);
			defaultConfigurationIsVisible = 0;
			defaultConfigurationName = Release;
		};
/* End XCConfigurationList section */
	};
	rootObject = 2AD744B8218D267F001045FC /* Project object */;
}
